
Microsoft Visual Studio Solution File, Format Version 12.00
# Visual Studio 15
VisualStudioVersion = 15.0.28307.572
MinimumVisualStudioVersion = 10.0.40219.1
Project("{FAE04EC0-301F-11D3-BF4B-00C04F79EFBC}") = "Ivo", "Ivo\Ivo.csproj", "{821938AC-1925-4745-8D45-4791F3C9915D}"
EndProject
Global
	GlobalSection(SolutionConfigurationPlatforms) = preSolution
		Debug|Any CPU = Debug|Any CPU
		Release|Any CPU = Release|Any CPU
	EndGlobalSection
	GlobalSection(ProjectConfigurationPlatforms) = postSolution
		{821938AC-1925-4745-8D45-4791F3C9915D}.Debug|Any CPU.ActiveCfg = Debug|Any CPU
		{821938AC-1925-4745-8D45-4791F3C9915D}.Debug|Any CPU.Build.0 = Debug|Any CPU
		{821938AC-1925-4745-8D45-4791F3C9915D}.Release|Any CPU.ActiveCfg = Release|Any CPU
		{821938AC-1925-4745-8D45-4791F3C9915D}.Release|Any CPU.Build.0 = Release|Any CPU
	EndGlobalSection
	GlobalSection(SolutionProperties) = preSolution
		HideSolutionNode = FALSE
	EndGlobalSection
	GlobalSection(ExtensibilityGlobals) = postSolution
		SolutionGuid = {AE4AC9D9-F1C3-4D61-949B-ED8896951D41}
	EndGlobalSection
EndGlobal
