
Microsoft Visual Studio Solution File, Format Version 12.00
# Visual Studio 15
VisualStudioVersion = 15.0.28307.572
MinimumVisualStudioVersion = 10.0.40219.1
Project("{FAE04EC0-301F-11D3-BF4B-00C04F79EFBC}") = "CorePractise", "CorePractise\CorePractise.csproj", "{C9563586-15A3-4A30-B812-78DE1B59E4A0}"
EndProject
Global
	GlobalSection(SolutionConfigurationPlatforms) = preSolution
		Debug|Any CPU = Debug|Any CPU
		Release|Any CPU = Release|Any CPU
	EndGlobalSection
	GlobalSection(ProjectConfigurationPlatforms) = postSolution
		{C9563586-15A3-4A30-B812-78DE1B59E4A0}.Debug|Any CPU.ActiveCfg = Debug|Any CPU
		{C9563586-15A3-4A30-B812-78DE1B59E4A0}.Debug|Any CPU.Build.0 = Debug|Any CPU
		{C9563586-15A3-4A30-B812-78DE1B59E4A0}.Release|Any CPU.ActiveCfg = Release|Any CPU
		{C9563586-15A3-4A30-B812-78DE1B59E4A0}.Release|Any CPU.Build.0 = Release|Any CPU
	EndGlobalSection
	GlobalSection(SolutionProperties) = preSolution
		HideSolutionNode = FALSE
	EndGlobalSection
	GlobalSection(ExtensibilityGlobals) = postSolution
		SolutionGuid = {FD1E63A5-7162-4CD7-9796-68BEEF2ACEE4}
	EndGlobalSection
EndGlobal
